
Microsoft Visual Studio Solution File, Format Version 12.00
# Visual Studio Version 16
VisualStudioVersion = 16.0.34902.97
MinimumVisualStudioVersion = 10.0.40219.1
Project("{8BC9CEB8-8B4A-11D0-8D11-00A0C91BC942}") = "Client-Server-App", "Client-Server-App\Client-Server-App.vcxproj", "{08A46740-4D68-4428-9EE6-8116297C4FB5}"
EndProject
Project("{8BC9CEB8-8B4A-11D0-8D11-00A0C91BC942}") = "Common", "Common\Common.vcxproj", "{006C345C-9328-487C-B2B3-6EC0416C209B}"
EndProject
Project("{8BC9CEB8-8B4A-11D0-8D11-00A0C91BC942}") = "Client", "Client\Client.vcxproj", "{471014AF-A53D-49DF-9EEE-67EDD30F81FD}"
	ProjectSection(ProjectDependencies) = postProject
		{006C345C-9328-487C-B2B3-6EC0416C209B} = {006C345C-9328-487C-B2B3-6EC0416C209B}
	EndProjectSection
EndProject
Project("{8BC9CEB8-8B4A-11D0-8D11-00A0C91BC942}") = "Server", "Server\Server.vcxproj", "{E8D489B5-AC3C-46AB-AEFF-DA86D7283128}"
	ProjectSection(ProjectDependencies) = postProject
		{006C345C-9328-487C-B2B3-6EC0416C209B} = {006C345C-9328-487C-B2B3-6EC0416C209B}
	EndProjectSection
EndProject
Global
	GlobalSection(SolutionConfigurationPlatforms) = preSolution
		Debug|x64 = Debug|x64
		Debug|x86 = Debug|x86
		Release|x64 = Release|x64
		Release|x86 = Release|x86
	EndGlobalSection
	GlobalSection(ProjectConfigurationPlatforms) = postSolution
		{08A46740-4D68-4428-9EE6-8116297C4FB5}.Debug|x64.ActiveCfg = Debug|x64
		{08A46740-4D68-4428-9EE6-8116297C4FB5}.Debug|x64.Build.0 = Debug|x64
		{08A46740-4D68-4428-9EE6-8116297C4FB5}.Debug|x86.ActiveCfg = Debug|x64
		{08A46740-4D68-4428-9EE6-8116297C4FB5}.Debug|x86.Build.0 = Debug|x64
		{08A46740-4D68-4428-9EE6-8116297C4FB5}.Release|x64.ActiveCfg = Release|x64
		{08A46740-4D68-4428-9EE6-8116297C4FB5}.Release|x64.Build.0 = Release|x64
		{08A46740-4D68-4428-9EE6-8116297C4FB5}.Release|x86.ActiveCfg = Release|Win32
		{08A46740-4D68-4428-9EE6-8116297C4FB5}.Release|x86.Build.0 = Release|Win32
		{006C345C-9328-487C-B2B3-6EC0416C209B}.Debug|x64.ActiveCfg = Debug|x64
		{006C345C-9328-487C-B2B3-6EC0416C209B}.Debug|x64.Build.0 = Debug|x64
		{006C345C-9328-487C-B2B3-6EC0416C209B}.Debug|x86.ActiveCfg = Debug|x64
		{006C345C-9328-487C-B2B3-6EC0416C209B}.Debug|x86.Build.0 = Debug|x64
		{006C345C-9328-487C-B2B3-6EC0416C209B}.Release|x64.ActiveCfg = Release|x64
		{006C345C-9328-487C-B2B3-6EC0416C209B}.Release|x64.Build.0 = Release|x64
		{006C345C-9328-487C-B2B3-6EC0416C209B}.Release|x86.ActiveCfg = Release|Win32
		{006C345C-9328-487C-B2B3-6EC0416C209B}.Release|x86.Build.0 = Release|Win32
		{471014AF-A53D-49DF-9EEE-67EDD30F81FD}.Debug|x64.ActiveCfg = Debug|x64
		{471014AF-A53D-49DF-9EEE-67EDD30F81FD}.Debug|x64.Build.0 = Debug|x64
		{471014AF-A53D-49DF-9EEE-67EDD30F81FD}.Debug|x86.ActiveCfg = Debug|x64
		{471014AF-A53D-49DF-9EEE-67EDD30F81FD}.Debug|x86.Build.0 = Debug|x64
		{471014AF-A53D-49DF-9EEE-67EDD30F81FD}.Release|x64.ActiveCfg = Release|x64
		{471014AF-A53D-49DF-9EEE-67EDD30F81FD}.Release|x64.Build.0 = Release|x64
		{471014AF-A53D-49DF-9EEE-67EDD30F81FD}.Release|x86.ActiveCfg = Release|Win32
		{471014AF-A53D-49DF-9EEE-67EDD30F81FD}.Release|x86.Build.0 = Release|Win32
		{E8D489B5-AC3C-46AB-AEFF-DA86D7283128}.Debug|x64.ActiveCfg = Debug|x64
		{E8D489B5-AC3C-46AB-AEFF-DA86D7283128}.Debug|x64.Build.0 = Debug|x64
		{E8D489B5-AC3C-46AB-AEFF-DA86D7283128}.Debug|x86.ActiveCfg = Debug|x64
		{E8D489B5-AC3C-46AB-AEFF-DA86D7283128}.Debug|x86.Build.0 = Debug|x64
		{E8D489B5-AC3C-46AB-AEFF-DA86D7283128}.Release|x64.ActiveCfg = Release|x64
		{E8D489B5-AC3C-46AB-AEFF-DA86D7283128}.Release|x64.Build.0 = Release|x64
		{E8D489B5-AC3C-46AB-AEFF-DA86D7283128}.Release|x86.ActiveCfg = Release|Win32
		{E8D489B5-AC3C-46AB-AEFF-DA86D7283128}.Release|x86.Build.0 = Release|Win32
	EndGlobalSection
	GlobalSection(SolutionProperties) = preSolution
		HideSolutionNode = FALSE
	EndGlobalSection
	GlobalSection(ExtensibilityGlobals) = postSolution
		SolutionGuid = {641B8D9B-7798-4219-92CE-F934003C8B00}
	EndGlobalSection
EndGlobal
